<?xml version="1.0" encoding="utf-8"?>
<Project ToolsVersion="4.0" xmlns="http://schemas.microsoft.com/developer/msbuild/2003">
  <ItemGroup>
    <Filter Include="Source Files">
      <UniqueIdentifier>{4FC737F1-C7A5-4376-A066-2A32D752A2FF}</UniqueIdentifier>
      <Extensions>cpp;c;cc;cxx;c++;cppm;ixx;def;odl;idl;hpj;bat;asm;asmx</Extensions>
    </Filter>
    <Filter Include="Header Files">
      <UniqueIdentifier>{93995380-89BD-4b04-88EB-625FBE52EBFB}</UniqueIdentifier>
      <Extensions>h;hh;hpp;hxx;h++;hm;inl;inc;ipp;xsd</Extensions>
    </Filter>
    <Filter Include="Resource Files">
      <UniqueIdentifier>{67DA6AB6-F800-4c08-8B7A-83BB121AAD01}</UniqueIdentifier>
      <Extensions>rc;ico;cur;bmp;dlg;rc2;rct;bin;rgs;gif;jpg;jpeg;jpe;resx;tiff;tif;png;wav;mfcribbon-ms</Extensions>
    </Filter>
    <Filter Include="Header Files\COMMON">
      <UniqueIdentifier>{d305d28c-a0cd-4198-a28c-b205cb34d317}</UniqueIdentifier>
    </Filter>
    <Filter Include="Header Files\Funcations">
      <UniqueIdentifier>{8f0fb1be-8d4b-4d65-9873-926aed7cae4d}</UniqueIdentifier>
    </Filter>
  </ItemGroup>
  <ItemGroup>
    <ClCompile Include="Source.cpp">
      <Filter>Source Files</Filter>
    </ClCompile>
    <ClCompile Include="Arr.cpp">
      <Filter>Header Files\Funcations</Filter>
    </ClCompile>
  </ItemGroup>
  <ItemGroup>
    <ClInclude Include="STDtype.h">
      <Filter>Header Files\COMMON</Filter>
    </ClInclude>
    <ClInclude Include="..\..\..\..\..\Repo_Git\Embedded-System-AVR\NRF_TX\COMMON\Bitmath.h">
      <Filter>Header Files\COMMON</Filter>
    </ClInclude>
    <ClInclude Include="..\..\..\..\..\Repo_Git\Embedded-System-AVR\NRF_TX\COMMON\Definition.h">
      <Filter>Header Files\COMMON</Filter>
    </ClInclude>
    <ClInclude Include="ARR.h">
      <Filter>Header Files\Funcations</Filter>
    </ClInclude>
  </ItemGroup>
</Project>